
Microsoft Visual Studio Solution File, Format Version 12.00
# Visual Studio Version 17
VisualStudioVersion = 17.7.34024.191
MinimumVisualStudioVersion = 10.0.40219.1
Project("{9A19103F-16F7-4668-BE54-9A1E7A4F7556}") = "AirConditionerShop_DaoXuanQuy", "AirConditionerShop_DaoXuanQuy.csproj", "{BEF0137E-A98C-40D0-A90B-784A542F90C9}"
EndProject
Project("{9A19103F-16F7-4668-BE54-9A1E7A4F7556}") = "DataAccessObject", "..\DataAccessObject\DataAccessObject.csproj", "{C1725236-3AFD-4ACE-9134-8AF5FCAC7C6F}"
EndProject
Project("{9A19103F-16F7-4668-BE54-9A1E7A4F7556}") = "Repositories", "..\Repository\Repositories.csproj", "{70976CFE-CE9D-415B-AD87-7B26EBCBC997}"
EndProject
Project("{9A19103F-16F7-4668-BE54-9A1E7A4F7556}") = "BusinessObject", "..\BusinessObject\BusinessObject.csproj", "{CDC82759-E1CB-4ABD-B5F5-55B7EF8FA35B}"
EndProject
Global
	GlobalSection(SolutionConfigurationPlatforms) = preSolution
		Debug|Any CPU = Debug|Any CPU
		Release|Any CPU = Release|Any CPU
	EndGlobalSection
	GlobalSection(ProjectConfigurationPlatforms) = postSolution
		{BEF0137E-A98C-40D0-A90B-784A542F90C9}.Debug|Any CPU.ActiveCfg = Debug|Any CPU
		{BEF0137E-A98C-40D0-A90B-784A542F90C9}.Debug|Any CPU.Build.0 = Debug|Any CPU
		{BEF0137E-A98C-40D0-A90B-784A542F90C9}.Release|Any CPU.ActiveCfg = Release|Any CPU
		{BEF0137E-A98C-40D0-A90B-784A542F90C9}.Release|Any CPU.Build.0 = Release|Any CPU
		{C1725236-3AFD-4ACE-9134-8AF5FCAC7C6F}.Debug|Any CPU.ActiveCfg = Debug|Any CPU
		{C1725236-3AFD-4ACE-9134-8AF5FCAC7C6F}.Debug|Any CPU.Build.0 = Debug|Any CPU
		{C1725236-3AFD-4ACE-9134-8AF5FCAC7C6F}.Release|Any CPU.ActiveCfg = Release|Any CPU
		{C1725236-3AFD-4ACE-9134-8AF5FCAC7C6F}.Release|Any CPU.Build.0 = Release|Any CPU
		{70976CFE-CE9D-415B-AD87-7B26EBCBC997}.Debug|Any CPU.ActiveCfg = Debug|Any CPU
		{70976CFE-CE9D-415B-AD87-7B26EBCBC997}.Debug|Any CPU.Build.0 = Debug|Any CPU
		{70976CFE-CE9D-415B-AD87-7B26EBCBC997}.Release|Any CPU.ActiveCfg = Release|Any CPU
		{70976CFE-CE9D-415B-AD87-7B26EBCBC997}.Release|Any CPU.Build.0 = Release|Any CPU
		{CDC82759-E1CB-4ABD-B5F5-55B7EF8FA35B}.Debug|Any CPU.ActiveCfg = Debug|Any CPU
		{CDC82759-E1CB-4ABD-B5F5-55B7EF8FA35B}.Debug|Any CPU.Build.0 = Debug|Any CPU
		{CDC82759-E1CB-4ABD-B5F5-55B7EF8FA35B}.Release|Any CPU.ActiveCfg = Release|Any CPU
		{CDC82759-E1CB-4ABD-B5F5-55B7EF8FA35B}.Release|Any CPU.Build.0 = Release|Any CPU
	EndGlobalSection
	GlobalSection(SolutionProperties) = preSolution
		HideSolutionNode = FALSE
	EndGlobalSection
	GlobalSection(ExtensibilityGlobals) = postSolution
		SolutionGuid = {0E0AE53E-00A1-4482-BF18-F8FB32A013A5}
	EndGlobalSection
EndGlobal
