
Microsoft Visual Studio Solution File, Format Version 12.00
# Visual Studio Version 17
VisualStudioVersion = 17.7.34024.191
MinimumVisualStudioVersion = 10.0.40219.1
Project("{FAE04EC0-301F-11D3-BF4B-00C04F79EFBC}") = "Giaolang.FAP.V2.StudentMgt", "Giaolang.FAP.V2.StudentMgt\Giaolang.FAP.V2.StudentMgt.csproj", "{B5F377EF-2760-4360-8F80-BD10E85D9EBF}"
EndProject
Global
	GlobalSection(SolutionConfigurationPlatforms) = preSolution
		Debug|Any CPU = Debug|Any CPU
		Release|Any CPU = Release|Any CPU
	EndGlobalSection
	GlobalSection(ProjectConfigurationPlatforms) = postSolution
		{B5F377EF-2760-4360-8F80-BD10E85D9EBF}.Debug|Any CPU.ActiveCfg = Debug|Any CPU
		{B5F377EF-2760-4360-8F80-BD10E85D9EBF}.Debug|Any CPU.Build.0 = Debug|Any CPU
		{B5F377EF-2760-4360-8F80-BD10E85D9EBF}.Release|Any CPU.ActiveCfg = Release|Any CPU
		{B5F377EF-2760-4360-8F80-BD10E85D9EBF}.Release|Any CPU.Build.0 = Release|Any CPU
	EndGlobalSection
	GlobalSection(SolutionProperties) = preSolution
		HideSolutionNode = FALSE
	EndGlobalSection
	GlobalSection(ExtensibilityGlobals) = postSolution
		SolutionGuid = {3532BFF3-2E03-4408-90CD-2C61B8B76D39}
	EndGlobalSection
EndGlobal
