
Microsoft Visual Studio Solution File, Format Version 12.00
# Visual Studio Version 17
VisualStudioVersion = 17.6.33829.357
MinimumVisualStudioVersion = 10.0.40219.1
Project("{FAE04EC0-301F-11D3-BF4B-00C04F79EFBC}") = "BusinessObject", "BusinessObject\BusinessObject.csproj", "{4CD53225-BBA7-4DF0-841A-6AEB38EAB54A}"
EndProject
Project("{FAE04EC0-301F-11D3-BF4B-00C04F79EFBC}") = "DataAccess", "DataAccess\DataAccess.csproj", "{0C5E0D52-AAE1-45B9-92CA-575C5B422040}"
EndProject
Project("{FAE04EC0-301F-11D3-BF4B-00C04F79EFBC}") = "SalesWinApp", "SalesWinApp\SalesWinApp.csproj", "{343F80DD-F620-445F-BBCC-3D34E6E92B8C}"
EndProject
Global
	GlobalSection(SolutionConfigurationPlatforms) = preSolution
		Debug|Any CPU = Debug|Any CPU
		Release|Any CPU = Release|Any CPU
	EndGlobalSection
	GlobalSection(ProjectConfigurationPlatforms) = postSolution
		{4CD53225-BBA7-4DF0-841A-6AEB38EAB54A}.Debug|Any CPU.ActiveCfg = Debug|Any CPU
		{4CD53225-BBA7-4DF0-841A-6AEB38EAB54A}.Debug|Any CPU.Build.0 = Debug|Any CPU
		{4CD53225-BBA7-4DF0-841A-6AEB38EAB54A}.Release|Any CPU.ActiveCfg = Release|Any CPU
		{4CD53225-BBA7-4DF0-841A-6AEB38EAB54A}.Release|Any CPU.Build.0 = Release|Any CPU
		{0C5E0D52-AAE1-45B9-92CA-575C5B422040}.Debug|Any CPU.ActiveCfg = Debug|Any CPU
		{0C5E0D52-AAE1-45B9-92CA-575C5B422040}.Debug|Any CPU.Build.0 = Debug|Any CPU
		{0C5E0D52-AAE1-45B9-92CA-575C5B422040}.Release|Any CPU.ActiveCfg = Release|Any CPU
		{0C5E0D52-AAE1-45B9-92CA-575C5B422040}.Release|Any CPU.Build.0 = Release|Any CPU
		{343F80DD-F620-445F-BBCC-3D34E6E92B8C}.Debug|Any CPU.ActiveCfg = Debug|Any CPU
		{343F80DD-F620-445F-BBCC-3D34E6E92B8C}.Debug|Any CPU.Build.0 = Debug|Any CPU
		{343F80DD-F620-445F-BBCC-3D34E6E92B8C}.Release|Any CPU.ActiveCfg = Release|Any CPU
		{343F80DD-F620-445F-BBCC-3D34E6E92B8C}.Release|Any CPU.Build.0 = Release|Any CPU
	EndGlobalSection
	GlobalSection(SolutionProperties) = preSolution
		HideSolutionNode = FALSE
	EndGlobalSection
	GlobalSection(ExtensibilityGlobals) = postSolution
		SolutionGuid = {52E2DFDE-0308-44F4-9C65-36C8712BB261}
	EndGlobalSection
EndGlobal
