
Microsoft Visual Studio Solution File, Format Version 12.00
# Visual Studio Version 17
VisualStudioVersion = 17.8.34316.72
MinimumVisualStudioVersion = 10.0.40219.1
Project("{9A19103F-16F7-4668-BE54-9A1E7A4F7556}") = "Quy.DataType.DelegateIntro", "Quy.DataType.DelegateIntro\Quy.DataType.DelegateIntro.csproj", "{80E020FC-A0B2-4C77-B86D-97B73D7AC390}"
EndProject
Project("{9A19103F-16F7-4668-BE54-9A1E7A4F7556}") = "Quy.DataType.DelegateAdvanced", "Quy.DataType.DelegateAdvanced\Quy.DataType.DelegateAdvanced.csproj", "{BD327AFF-5176-489E-B7C7-029FA910E0E1}"
EndProject
Project("{FAE04EC0-301F-11D3-BF4B-00C04F79EFBC}") = "Quy.DataType.DelegateAdvanced.Ver02", "Quy.DataType.DelegateAdvanced.Ver02\Quy.DataType.DelegateAdvanced.Ver02.csproj", "{10A1722F-DF0B-4A76-B6ED-4D3FC7F11957}"
EndProject
Project("{FAE04EC0-301F-11D3-BF4B-00C04F79EFBC}") = "Quy.DataType.DelegateAdvanced.Ver03", "Quy.DataType.DelegateAdvanced.Ver03\Quy.DataType.DelegateAdvanced.Ver03.csproj", "{AD4CBD74-4BE6-4E35-B2A4-37D370985F08}"
EndProject
Project("{FAE04EC0-301F-11D3-BF4B-00C04F79EFBC}") = "Quy.DataType.DelegateAdvanced.Ver04", "Quy.DataType.DelegateAdvanced.Ver04\Quy.DataType.DelegateAdvanced.Ver04.csproj", "{ACD4569A-8324-4FDA-BDE2-5F89E0B0ED92}"
EndProject
Project("{FAE04EC0-301F-11D3-BF4B-00C04F79EFBC}") = "Quy.DataType.DelegateAdvanced.Ver05", "Quy.DataType.DelegateAdvanced.Ver05\Quy.DataType.DelegateAdvanced.Ver05.csproj", "{9A6F6B2A-ACB0-44E7-AD70-0464D0AE32DC}"
EndProject
Global
	GlobalSection(SolutionConfigurationPlatforms) = preSolution
		Debug|Any CPU = Debug|Any CPU
		Release|Any CPU = Release|Any CPU
	EndGlobalSection
	GlobalSection(ProjectConfigurationPlatforms) = postSolution
		{80E020FC-A0B2-4C77-B86D-97B73D7AC390}.Debug|Any CPU.ActiveCfg = Debug|Any CPU
		{80E020FC-A0B2-4C77-B86D-97B73D7AC390}.Debug|Any CPU.Build.0 = Debug|Any CPU
		{80E020FC-A0B2-4C77-B86D-97B73D7AC390}.Release|Any CPU.ActiveCfg = Release|Any CPU
		{80E020FC-A0B2-4C77-B86D-97B73D7AC390}.Release|Any CPU.Build.0 = Release|Any CPU
		{BD327AFF-5176-489E-B7C7-029FA910E0E1}.Debug|Any CPU.ActiveCfg = Debug|Any CPU
		{BD327AFF-5176-489E-B7C7-029FA910E0E1}.Debug|Any CPU.Build.0 = Debug|Any CPU
		{BD327AFF-5176-489E-B7C7-029FA910E0E1}.Release|Any CPU.ActiveCfg = Release|Any CPU
		{BD327AFF-5176-489E-B7C7-029FA910E0E1}.Release|Any CPU.Build.0 = Release|Any CPU
		{10A1722F-DF0B-4A76-B6ED-4D3FC7F11957}.Debug|Any CPU.ActiveCfg = Debug|Any CPU
		{10A1722F-DF0B-4A76-B6ED-4D3FC7F11957}.Debug|Any CPU.Build.0 = Debug|Any CPU
		{10A1722F-DF0B-4A76-B6ED-4D3FC7F11957}.Release|Any CPU.ActiveCfg = Release|Any CPU
		{10A1722F-DF0B-4A76-B6ED-4D3FC7F11957}.Release|Any CPU.Build.0 = Release|Any CPU
		{AD4CBD74-4BE6-4E35-B2A4-37D370985F08}.Debug|Any CPU.ActiveCfg = Debug|Any CPU
		{AD4CBD74-4BE6-4E35-B2A4-37D370985F08}.Debug|Any CPU.Build.0 = Debug|Any CPU
		{AD4CBD74-4BE6-4E35-B2A4-37D370985F08}.Release|Any CPU.ActiveCfg = Release|Any CPU
		{AD4CBD74-4BE6-4E35-B2A4-37D370985F08}.Release|Any CPU.Build.0 = Release|Any CPU
		{ACD4569A-8324-4FDA-BDE2-5F89E0B0ED92}.Debug|Any CPU.ActiveCfg = Debug|Any CPU
		{ACD4569A-8324-4FDA-BDE2-5F89E0B0ED92}.Debug|Any CPU.Build.0 = Debug|Any CPU
		{ACD4569A-8324-4FDA-BDE2-5F89E0B0ED92}.Release|Any CPU.ActiveCfg = Release|Any CPU
		{ACD4569A-8324-4FDA-BDE2-5F89E0B0ED92}.Release|Any CPU.Build.0 = Release|Any CPU
		{9A6F6B2A-ACB0-44E7-AD70-0464D0AE32DC}.Debug|Any CPU.ActiveCfg = Debug|Any CPU
		{9A6F6B2A-ACB0-44E7-AD70-0464D0AE32DC}.Debug|Any CPU.Build.0 = Debug|Any CPU
		{9A6F6B2A-ACB0-44E7-AD70-0464D0AE32DC}.Release|Any CPU.ActiveCfg = Release|Any CPU
		{9A6F6B2A-ACB0-44E7-AD70-0464D0AE32DC}.Release|Any CPU.Build.0 = Release|Any CPU
	EndGlobalSection
	GlobalSection(SolutionProperties) = preSolution
		HideSolutionNode = FALSE
	EndGlobalSection
	GlobalSection(ExtensibilityGlobals) = postSolution
		SolutionGuid = {AF86514B-C876-4CC8-AEBA-A2CE4AAD7341}
	EndGlobalSection
EndGlobal
