
Microsoft Visual Studio Solution File, Format Version 12.00
# Visual Studio Version 17
VisualStudioVersion = 17.7.34024.191
MinimumVisualStudioVersion = 10.0.40219.1
Project("{FAE04EC0-301F-11D3-BF4B-00C04F79EFBC}") = "Giaolang.FAP.StudentMgt", "Giaolang.FAP.StudentMgt\Giaolang.FAP.StudentMgt.csproj", "{938F3F8F-A61F-449F-B1FC-0AE7DA9BB77F}"
EndProject
Global
	GlobalSection(SolutionConfigurationPlatforms) = preSolution
		Debug|Any CPU = Debug|Any CPU
		Release|Any CPU = Release|Any CPU
	EndGlobalSection
	GlobalSection(ProjectConfigurationPlatforms) = postSolution
		{938F3F8F-A61F-449F-B1FC-0AE7DA9BB77F}.Debug|Any CPU.ActiveCfg = Debug|Any CPU
		{938F3F8F-A61F-449F-B1FC-0AE7DA9BB77F}.Debug|Any CPU.Build.0 = Debug|Any CPU
		{938F3F8F-A61F-449F-B1FC-0AE7DA9BB77F}.Release|Any CPU.ActiveCfg = Release|Any CPU
		{938F3F8F-A61F-449F-B1FC-0AE7DA9BB77F}.Release|Any CPU.Build.0 = Release|Any CPU
	EndGlobalSection
	GlobalSection(SolutionProperties) = preSolution
		HideSolutionNode = FALSE
	EndGlobalSection
	GlobalSection(ExtensibilityGlobals) = postSolution
		SolutionGuid = {38C302BC-DB4C-48A6-B0F6-5D3971BB1B57}
	EndGlobalSection
EndGlobal
