
Microsoft Visual Studio Solution File, Format Version 12.00
# Visual Studio Version 17
VisualStudioVersion = 17.9.34714.143
MinimumVisualStudioVersion = 10.0.40219.1
Project("{9A19103F-16F7-4668-BE54-9A1E7A4F7556}") = "NumberCalculator", "NumberCalculator\NumberCalculator.csproj", "{6B209A2D-A347-4FE1-AC54-C477F5F1C853}"
EndProject
Project("{FAE04EC0-301F-11D3-BF4B-00C04F79EFBC}") = "PassByOutUsing", "PassByOutUsing\PassByOutUsing.csproj", "{CF3BE411-A5D5-459D-B339-393F5C3BA932}"
EndProject
Project("{FAE04EC0-301F-11D3-BF4B-00C04F79EFBC}") = "PassByRef", "PassByRef\PassByRef.csproj", "{66104362-D8DB-4F81-8E6A-1B334A0685A9}"
EndProject
Global
	GlobalSection(SolutionConfigurationPlatforms) = preSolution
		Debug|Any CPU = Debug|Any CPU
		Release|Any CPU = Release|Any CPU
	EndGlobalSection
	GlobalSection(ProjectConfigurationPlatforms) = postSolution
		{6B209A2D-A347-4FE1-AC54-C477F5F1C853}.Debug|Any CPU.ActiveCfg = Debug|Any CPU
		{6B209A2D-A347-4FE1-AC54-C477F5F1C853}.Debug|Any CPU.Build.0 = Debug|Any CPU
		{6B209A2D-A347-4FE1-AC54-C477F5F1C853}.Release|Any CPU.ActiveCfg = Release|Any CPU
		{6B209A2D-A347-4FE1-AC54-C477F5F1C853}.Release|Any CPU.Build.0 = Release|Any CPU
		{CF3BE411-A5D5-459D-B339-393F5C3BA932}.Debug|Any CPU.ActiveCfg = Debug|Any CPU
		{CF3BE411-A5D5-459D-B339-393F5C3BA932}.Debug|Any CPU.Build.0 = Debug|Any CPU
		{CF3BE411-A5D5-459D-B339-393F5C3BA932}.Release|Any CPU.ActiveCfg = Release|Any CPU
		{CF3BE411-A5D5-459D-B339-393F5C3BA932}.Release|Any CPU.Build.0 = Release|Any CPU
		{66104362-D8DB-4F81-8E6A-1B334A0685A9}.Debug|Any CPU.ActiveCfg = Debug|Any CPU
		{66104362-D8DB-4F81-8E6A-1B334A0685A9}.Debug|Any CPU.Build.0 = Debug|Any CPU
		{66104362-D8DB-4F81-8E6A-1B334A0685A9}.Release|Any CPU.ActiveCfg = Release|Any CPU
		{66104362-D8DB-4F81-8E6A-1B334A0685A9}.Release|Any CPU.Build.0 = Release|Any CPU
	EndGlobalSection
	GlobalSection(SolutionProperties) = preSolution
		HideSolutionNode = FALSE
	EndGlobalSection
	GlobalSection(ExtensibilityGlobals) = postSolution
		SolutionGuid = {EEE018C5-F039-4321-B6B9-56519693B602}
	EndGlobalSection
EndGlobal
