
Microsoft Visual Studio Solution File, Format Version 12.00
# Visual Studio Version 17
VisualStudioVersion = 17.8.34316.72
MinimumVisualStudioVersion = 10.0.40219.1
Project("{FAE04EC0-301F-11D3-BF4B-00C04F79EFBC}") = "MySalesWebApiApp", "MySalesWebApiApp\MySalesWebApiApp.csproj", "{B9517FBE-3D13-4CC6-91B7-C98672FCBFB1}"
EndProject
Global
	GlobalSection(SolutionConfigurationPlatforms) = preSolution
		Debug|Any CPU = Debug|Any CPU
		Release|Any CPU = Release|Any CPU
	EndGlobalSection
	GlobalSection(ProjectConfigurationPlatforms) = postSolution
		{B9517FBE-3D13-4CC6-91B7-C98672FCBFB1}.Debug|Any CPU.ActiveCfg = Debug|Any CPU
		{B9517FBE-3D13-4CC6-91B7-C98672FCBFB1}.Debug|Any CPU.Build.0 = Debug|Any CPU
		{B9517FBE-3D13-4CC6-91B7-C98672FCBFB1}.Release|Any CPU.ActiveCfg = Release|Any CPU
		{B9517FBE-3D13-4CC6-91B7-C98672FCBFB1}.Release|Any CPU.Build.0 = Release|Any CPU
	EndGlobalSection
	GlobalSection(SolutionProperties) = preSolution
		HideSolutionNode = FALSE
	EndGlobalSection
	GlobalSection(ExtensibilityGlobals) = postSolution
		SolutionGuid = {F782E0A4-C054-4ADD-88D9-DB880E6AF5A1}
	EndGlobalSection
EndGlobal
