
Microsoft Visual Studio Solution File, Format Version 12.00
# Visual Studio Version 17
VisualStudioVersion = 17.8.34316.72
MinimumVisualStudioVersion = 10.0.40219.1
Project("{9A19103F-16F7-4668-BE54-9A1E7A4F7556}") = "Quy.Geometric.Shapes", "Quy.Geometric.Shapes\Quy.Geometric.Shapes.csproj", "{15092942-BA88-43C3-ABAD-AAAB5A3B2A4A}"
EndProject
Project("{FAE04EC0-301F-11D3-BF4B-00C04F79EFBC}") = "Quy.Geometric.Shapes.Ver02", "Quy.Geometric.Shapes.Ver02\Quy.Geometric.Shapes.Ver02.csproj", "{8434014B-122A-4DE4-A547-6E8D2302F67C}"
EndProject
Global
	GlobalSection(SolutionConfigurationPlatforms) = preSolution
		Debug|Any CPU = Debug|Any CPU
		Release|Any CPU = Release|Any CPU
	EndGlobalSection
	GlobalSection(ProjectConfigurationPlatforms) = postSolution
		{15092942-BA88-43C3-ABAD-AAAB5A3B2A4A}.Debug|Any CPU.ActiveCfg = Debug|Any CPU
		{15092942-BA88-43C3-ABAD-AAAB5A3B2A4A}.Debug|Any CPU.Build.0 = Debug|Any CPU
		{15092942-BA88-43C3-ABAD-AAAB5A3B2A4A}.Release|Any CPU.ActiveCfg = Release|Any CPU
		{15092942-BA88-43C3-ABAD-AAAB5A3B2A4A}.Release|Any CPU.Build.0 = Release|Any CPU
		{8434014B-122A-4DE4-A547-6E8D2302F67C}.Debug|Any CPU.ActiveCfg = Debug|Any CPU
		{8434014B-122A-4DE4-A547-6E8D2302F67C}.Debug|Any CPU.Build.0 = Debug|Any CPU
		{8434014B-122A-4DE4-A547-6E8D2302F67C}.Release|Any CPU.ActiveCfg = Release|Any CPU
		{8434014B-122A-4DE4-A547-6E8D2302F67C}.Release|Any CPU.Build.0 = Release|Any CPU
	EndGlobalSection
	GlobalSection(SolutionProperties) = preSolution
		HideSolutionNode = FALSE
	EndGlobalSection
	GlobalSection(ExtensibilityGlobals) = postSolution
		SolutionGuid = {689EDAB1-85C1-45B6-A713-F298271ACB75}
	EndGlobalSection
EndGlobal
