
Microsoft Visual Studio Solution File, Format Version 12.00
# Visual Studio Version 16
VisualStudioVersion = 16.0.31624.102
MinimumVisualStudioVersion = 10.0.40219.1
Project("{9A19103F-16F7-4668-BE54-9A1E7A4F7556}") = "DemoSlot10_ConcurrencyProgramming", "DemoSlot10_ConcurrencyProgramming\DemoSlot10_ConcurrencyProgramming.csproj", "{467D175D-BFCF-4C2A-A619-671D6EF432DB}"
EndProject
Project("{FAE04EC0-301F-11D3-BF4B-00C04F79EFBC}") = "ThreadingDemo", "ThreadingDemo\ThreadingDemo.csproj", "{CFFE1064-EFF6-4889-B2AD-95D1FA22C190}"
EndProject
Project("{FAE04EC0-301F-11D3-BF4B-00C04F79EFBC}") = "ThreadPoolDemo", "ThreadPoolDemo\ThreadPoolDemo.csproj", "{26F2F62E-C2E4-4982-8647-D67233ECDEDF}"
EndProject
Project("{FAE04EC0-301F-11D3-BF4B-00C04F79EFBC}") = "TimerCallbackDemo", "TimerCallback\TimerCallbackDemo.csproj", "{1712784D-E2F3-4824-875D-AB892D2BD045}"
EndProject
Global
	GlobalSection(SolutionConfigurationPlatforms) = preSolution
		Debug|Any CPU = Debug|Any CPU
		Release|Any CPU = Release|Any CPU
	EndGlobalSection
	GlobalSection(ProjectConfigurationPlatforms) = postSolution
		{467D175D-BFCF-4C2A-A619-671D6EF432DB}.Debug|Any CPU.ActiveCfg = Debug|Any CPU
		{467D175D-BFCF-4C2A-A619-671D6EF432DB}.Debug|Any CPU.Build.0 = Debug|Any CPU
		{467D175D-BFCF-4C2A-A619-671D6EF432DB}.Release|Any CPU.ActiveCfg = Release|Any CPU
		{467D175D-BFCF-4C2A-A619-671D6EF432DB}.Release|Any CPU.Build.0 = Release|Any CPU
		{CFFE1064-EFF6-4889-B2AD-95D1FA22C190}.Debug|Any CPU.ActiveCfg = Debug|Any CPU
		{CFFE1064-EFF6-4889-B2AD-95D1FA22C190}.Debug|Any CPU.Build.0 = Debug|Any CPU
		{CFFE1064-EFF6-4889-B2AD-95D1FA22C190}.Release|Any CPU.ActiveCfg = Release|Any CPU
		{CFFE1064-EFF6-4889-B2AD-95D1FA22C190}.Release|Any CPU.Build.0 = Release|Any CPU
		{26F2F62E-C2E4-4982-8647-D67233ECDEDF}.Debug|Any CPU.ActiveCfg = Debug|Any CPU
		{26F2F62E-C2E4-4982-8647-D67233ECDEDF}.Debug|Any CPU.Build.0 = Debug|Any CPU
		{26F2F62E-C2E4-4982-8647-D67233ECDEDF}.Release|Any CPU.ActiveCfg = Release|Any CPU
		{26F2F62E-C2E4-4982-8647-D67233ECDEDF}.Release|Any CPU.Build.0 = Release|Any CPU
		{1712784D-E2F3-4824-875D-AB892D2BD045}.Debug|Any CPU.ActiveCfg = Debug|Any CPU
		{1712784D-E2F3-4824-875D-AB892D2BD045}.Debug|Any CPU.Build.0 = Debug|Any CPU
		{1712784D-E2F3-4824-875D-AB892D2BD045}.Release|Any CPU.ActiveCfg = Release|Any CPU
		{1712784D-E2F3-4824-875D-AB892D2BD045}.Release|Any CPU.Build.0 = Release|Any CPU
	EndGlobalSection
	GlobalSection(SolutionProperties) = preSolution
		HideSolutionNode = FALSE
	EndGlobalSection
	GlobalSection(ExtensibilityGlobals) = postSolution
		SolutionGuid = {18F53D94-AFD9-4F88-A912-C5D0274642D4}
	EndGlobalSection
EndGlobal
