
Microsoft Visual Studio Solution File, Format Version 12.00
# Visual Studio Version 17
VisualStudioVersion = 17.7.34024.191
MinimumVisualStudioVersion = 10.0.40219.1
Project("{FAE04EC0-301F-11D3-BF4B-00C04F79EFBC}") = "DemoDatabaseFirst", "DemoDatabaseFirst.csproj", "{C750C8C5-418F-4C84-AD33-CEF73206243A}"
EndProject
Global
	GlobalSection(SolutionConfigurationPlatforms) = preSolution
		Debug|Any CPU = Debug|Any CPU
		Release|Any CPU = Release|Any CPU
	EndGlobalSection
	GlobalSection(ProjectConfigurationPlatforms) = postSolution
		{C750C8C5-418F-4C84-AD33-CEF73206243A}.Debug|Any CPU.ActiveCfg = Debug|Any CPU
		{C750C8C5-418F-4C84-AD33-CEF73206243A}.Debug|Any CPU.Build.0 = Debug|Any CPU
		{C750C8C5-418F-4C84-AD33-CEF73206243A}.Release|Any CPU.ActiveCfg = Release|Any CPU
		{C750C8C5-418F-4C84-AD33-CEF73206243A}.Release|Any CPU.Build.0 = Release|Any CPU
	EndGlobalSection
	GlobalSection(SolutionProperties) = preSolution
		HideSolutionNode = FALSE
	EndGlobalSection
	GlobalSection(ExtensibilityGlobals) = postSolution
		SolutionGuid = {29AAC9FC-E482-40BF-AF8D-B4D227F06078}
	EndGlobalSection
EndGlobal
