
Microsoft Visual Studio Solution File, Format Version 12.00
# Visual Studio Version 17
VisualStudioVersion = 17.8.34316.72
MinimumVisualStudioVersion = 10.0.40219.1
Project("{FAE04EC0-301F-11D3-BF4B-00C04F79EFBC}") = "Quy.Geometric.Shapes.Ass2", "Quy.Geometric.Shapes.Ass2\Quy.Geometric.Shapes.Ass2.csproj", "{72CF1A59-A105-49D4-A4C2-D0C3A1533DF4}"
EndProject
Global
	GlobalSection(SolutionConfigurationPlatforms) = preSolution
		Debug|Any CPU = Debug|Any CPU
		Release|Any CPU = Release|Any CPU
	EndGlobalSection
	GlobalSection(ProjectConfigurationPlatforms) = postSolution
		{72CF1A59-A105-49D4-A4C2-D0C3A1533DF4}.Debug|Any CPU.ActiveCfg = Debug|Any CPU
		{72CF1A59-A105-49D4-A4C2-D0C3A1533DF4}.Debug|Any CPU.Build.0 = Debug|Any CPU
		{72CF1A59-A105-49D4-A4C2-D0C3A1533DF4}.Release|Any CPU.ActiveCfg = Release|Any CPU
		{72CF1A59-A105-49D4-A4C2-D0C3A1533DF4}.Release|Any CPU.Build.0 = Release|Any CPU
	EndGlobalSection
	GlobalSection(SolutionProperties) = preSolution
		HideSolutionNode = FALSE
	EndGlobalSection
	GlobalSection(ExtensibilityGlobals) = postSolution
		SolutionGuid = {D7109FD8-9C5C-49BC-AC43-883889C5555F}
	EndGlobalSection
EndGlobal
