
Microsoft Visual Studio Solution File, Format Version 12.00
# Visual Studio Version 17
VisualStudioVersion = 17.9.34714.143
MinimumVisualStudioVersion = 10.0.40219.1
Project("{FAE04EC0-301F-11D3-BF4B-00C04F79EFBC}") = "StudentManagement", "StudentManagement\StudentManagement.csproj", "{53C855C3-42BD-4962-84A8-699F90D4BB2F}"
EndProject
Project("{FAE04EC0-301F-11D3-BF4B-00C04F79EFBC}") = "StudentManagementV2", "StudentManagementV2\StudentManagementV2.csproj", "{A403790C-A4E1-477C-A913-AB35CBAE9287}"
EndProject
Project("{FAE04EC0-301F-11D3-BF4B-00C04F79EFBC}") = "StudentManagementV3", "StudentManagementV3\StudentManagementV3.csproj", "{ADC1E1E7-4843-41D3-A4A4-B30469A36D23}"
EndProject
Global
	GlobalSection(SolutionConfigurationPlatforms) = preSolution
		Debug|Any CPU = Debug|Any CPU
		Release|Any CPU = Release|Any CPU
	EndGlobalSection
	GlobalSection(ProjectConfigurationPlatforms) = postSolution
		{53C855C3-42BD-4962-84A8-699F90D4BB2F}.Debug|Any CPU.ActiveCfg = Debug|Any CPU
		{53C855C3-42BD-4962-84A8-699F90D4BB2F}.Debug|Any CPU.Build.0 = Debug|Any CPU
		{53C855C3-42BD-4962-84A8-699F90D4BB2F}.Release|Any CPU.ActiveCfg = Release|Any CPU
		{53C855C3-42BD-4962-84A8-699F90D4BB2F}.Release|Any CPU.Build.0 = Release|Any CPU
		{A403790C-A4E1-477C-A913-AB35CBAE9287}.Debug|Any CPU.ActiveCfg = Debug|Any CPU
		{A403790C-A4E1-477C-A913-AB35CBAE9287}.Debug|Any CPU.Build.0 = Debug|Any CPU
		{A403790C-A4E1-477C-A913-AB35CBAE9287}.Release|Any CPU.ActiveCfg = Release|Any CPU
		{A403790C-A4E1-477C-A913-AB35CBAE9287}.Release|Any CPU.Build.0 = Release|Any CPU
		{ADC1E1E7-4843-41D3-A4A4-B30469A36D23}.Debug|Any CPU.ActiveCfg = Debug|Any CPU
		{ADC1E1E7-4843-41D3-A4A4-B30469A36D23}.Debug|Any CPU.Build.0 = Debug|Any CPU
		{ADC1E1E7-4843-41D3-A4A4-B30469A36D23}.Release|Any CPU.ActiveCfg = Release|Any CPU
		{ADC1E1E7-4843-41D3-A4A4-B30469A36D23}.Release|Any CPU.Build.0 = Release|Any CPU
	EndGlobalSection
	GlobalSection(SolutionProperties) = preSolution
		HideSolutionNode = FALSE
	EndGlobalSection
	GlobalSection(ExtensibilityGlobals) = postSolution
		SolutionGuid = {BC4324C3-8FAB-496D-848D-7AC42D076AE3}
	EndGlobalSection
EndGlobal
