
Microsoft Visual Studio Solution File, Format Version 12.00
# Visual Studio Version 17
VisualStudioVersion = 17.9.34723.18
MinimumVisualStudioVersion = 10.0.40219.1
Project("{9A19103F-16F7-4668-BE54-9A1E7A4F7556}") = "StudentManager", "StudentManager\StudentManager.csproj", "{20C3ED34-1924-4B16-BA70-87DBA994D975}"
EndProject
Project("{9A19103F-16F7-4668-BE54-9A1E7A4F7556}") = "StudentManagerV2", "StudentManagerV2\StudentManagerV2.csproj", "{9E98CD64-96DD-4AB9-A10C-1BD819B0CE96}"
EndProject
Project("{9A19103F-16F7-4668-BE54-9A1E7A4F7556}") = "StudentManagerV3", "StudentManagerV3\StudentManagerV3.csproj", "{5237E581-B789-43B4-9174-BC35BF017AB0}"
EndProject
Project("{FAE04EC0-301F-11D3-BF4B-00C04F79EFBC}") = "StudentManagerV4", "StudentManagerV4\StudentManagerV4.csproj", "{95531548-2A4A-4023-9F06-9362189FE5AD}"
EndProject
Project("{FAE04EC0-301F-11D3-BF4B-00C04F79EFBC}") = "StudentManagerV5", "StudentManagerV5\StudentManagerV5.csproj", "{26D2E46A-CD60-4711-B442-90B9B2B39303}"
EndProject
Global
	GlobalSection(SolutionConfigurationPlatforms) = preSolution
		Debug|Any CPU = Debug|Any CPU
		Release|Any CPU = Release|Any CPU
	EndGlobalSection
	GlobalSection(ProjectConfigurationPlatforms) = postSolution
		{20C3ED34-1924-4B16-BA70-87DBA994D975}.Debug|Any CPU.ActiveCfg = Debug|Any CPU
		{20C3ED34-1924-4B16-BA70-87DBA994D975}.Debug|Any CPU.Build.0 = Debug|Any CPU
		{20C3ED34-1924-4B16-BA70-87DBA994D975}.Release|Any CPU.ActiveCfg = Release|Any CPU
		{20C3ED34-1924-4B16-BA70-87DBA994D975}.Release|Any CPU.Build.0 = Release|Any CPU
		{9E98CD64-96DD-4AB9-A10C-1BD819B0CE96}.Debug|Any CPU.ActiveCfg = Debug|Any CPU
		{9E98CD64-96DD-4AB9-A10C-1BD819B0CE96}.Debug|Any CPU.Build.0 = Debug|Any CPU
		{9E98CD64-96DD-4AB9-A10C-1BD819B0CE96}.Release|Any CPU.ActiveCfg = Release|Any CPU
		{9E98CD64-96DD-4AB9-A10C-1BD819B0CE96}.Release|Any CPU.Build.0 = Release|Any CPU
		{5237E581-B789-43B4-9174-BC35BF017AB0}.Debug|Any CPU.ActiveCfg = Debug|Any CPU
		{5237E581-B789-43B4-9174-BC35BF017AB0}.Debug|Any CPU.Build.0 = Debug|Any CPU
		{5237E581-B789-43B4-9174-BC35BF017AB0}.Release|Any CPU.ActiveCfg = Release|Any CPU
		{5237E581-B789-43B4-9174-BC35BF017AB0}.Release|Any CPU.Build.0 = Release|Any CPU
		{95531548-2A4A-4023-9F06-9362189FE5AD}.Debug|Any CPU.ActiveCfg = Debug|Any CPU
		{95531548-2A4A-4023-9F06-9362189FE5AD}.Debug|Any CPU.Build.0 = Debug|Any CPU
		{95531548-2A4A-4023-9F06-9362189FE5AD}.Release|Any CPU.ActiveCfg = Release|Any CPU
		{95531548-2A4A-4023-9F06-9362189FE5AD}.Release|Any CPU.Build.0 = Release|Any CPU
		{26D2E46A-CD60-4711-B442-90B9B2B39303}.Debug|Any CPU.ActiveCfg = Debug|Any CPU
		{26D2E46A-CD60-4711-B442-90B9B2B39303}.Debug|Any CPU.Build.0 = Debug|Any CPU
		{26D2E46A-CD60-4711-B442-90B9B2B39303}.Release|Any CPU.ActiveCfg = Release|Any CPU
		{26D2E46A-CD60-4711-B442-90B9B2B39303}.Release|Any CPU.Build.0 = Release|Any CPU
	EndGlobalSection
	GlobalSection(SolutionProperties) = preSolution
		HideSolutionNode = FALSE
	EndGlobalSection
	GlobalSection(ExtensibilityGlobals) = postSolution
		SolutionGuid = {EC81984B-3E91-4643-B967-695FD71E806F}
	EndGlobalSection
EndGlobal
