
Microsoft Visual Studio Solution File, Format Version 12.00
# Visual Studio Version 17
VisualStudioVersion = 17.7.34024.191
MinimumVisualStudioVersion = 10.0.40219.1
Project("{FAE04EC0-301F-11D3-BF4B-00C04F79EFBC}") = "Giaolang.CodeFirst.SqlServer", "Giaolang.CodeFirst.SqlServer\Giaolang.CodeFirst.SqlServer.csproj", "{45567F9D-5DA6-4129-835C-366BFEE5ECB1}"
EndProject
Global
	GlobalSection(SolutionConfigurationPlatforms) = preSolution
		Debug|Any CPU = Debug|Any CPU
		Release|Any CPU = Release|Any CPU
	EndGlobalSection
	GlobalSection(ProjectConfigurationPlatforms) = postSolution
		{45567F9D-5DA6-4129-835C-366BFEE5ECB1}.Debug|Any CPU.ActiveCfg = Debug|Any CPU
		{45567F9D-5DA6-4129-835C-366BFEE5ECB1}.Debug|Any CPU.Build.0 = Debug|Any CPU
		{45567F9D-5DA6-4129-835C-366BFEE5ECB1}.Release|Any CPU.ActiveCfg = Release|Any CPU
		{45567F9D-5DA6-4129-835C-366BFEE5ECB1}.Release|Any CPU.Build.0 = Release|Any CPU
	EndGlobalSection
	GlobalSection(SolutionProperties) = preSolution
		HideSolutionNode = FALSE
	EndGlobalSection
	GlobalSection(ExtensibilityGlobals) = postSolution
		SolutionGuid = {1CBA69B6-A10A-4F51-82FB-C45FB7AFDC32}
	EndGlobalSection
EndGlobal
