
Microsoft Visual Studio Solution File, Format Version 12.00
# Visual Studio Version 17
VisualStudioVersion = 17.9.34714.143
MinimumVisualStudioVersion = 10.0.40219.1
Project("{FAE04EC0-301F-11D3-BF4B-00C04F79EFBC}") = "Bmi", "Bmi\Bmi.csproj", "{3A77230E-FFEC-4F85-9419-7B476FA7A8BA}"
EndProject
Project("{FAE04EC0-301F-11D3-BF4B-00C04F79EFBC}") = "BmiV2", "BmiV2\BmiV2.csproj", "{6DEF1DA1-6AFA-4252-B7E5-1106E8D5B034}"
EndProject
Project("{FAE04EC0-301F-11D3-BF4B-00C04F79EFBC}") = "BmiLibrary", "BmiLibrary\BmiLibrary.csproj", "{38ADC319-2651-4E3B-B190-893911113408}"
EndProject
Project("{FAE04EC0-301F-11D3-BF4B-00C04F79EFBC}") = "BmiV3", "BmiV3\BmiV3.csproj", "{AA4AAB93-BBAC-4284-9C2C-501A33D64ABA}"
EndProject
Global
	GlobalSection(SolutionConfigurationPlatforms) = preSolution
		Debug|Any CPU = Debug|Any CPU
		Release|Any CPU = Release|Any CPU
	EndGlobalSection
	GlobalSection(ProjectConfigurationPlatforms) = postSolution
		{3A77230E-FFEC-4F85-9419-7B476FA7A8BA}.Debug|Any CPU.ActiveCfg = Debug|Any CPU
		{3A77230E-FFEC-4F85-9419-7B476FA7A8BA}.Debug|Any CPU.Build.0 = Debug|Any CPU
		{3A77230E-FFEC-4F85-9419-7B476FA7A8BA}.Release|Any CPU.ActiveCfg = Release|Any CPU
		{3A77230E-FFEC-4F85-9419-7B476FA7A8BA}.Release|Any CPU.Build.0 = Release|Any CPU
		{6DEF1DA1-6AFA-4252-B7E5-1106E8D5B034}.Debug|Any CPU.ActiveCfg = Debug|Any CPU
		{6DEF1DA1-6AFA-4252-B7E5-1106E8D5B034}.Debug|Any CPU.Build.0 = Debug|Any CPU
		{6DEF1DA1-6AFA-4252-B7E5-1106E8D5B034}.Release|Any CPU.ActiveCfg = Release|Any CPU
		{6DEF1DA1-6AFA-4252-B7E5-1106E8D5B034}.Release|Any CPU.Build.0 = Release|Any CPU
		{38ADC319-2651-4E3B-B190-893911113408}.Debug|Any CPU.ActiveCfg = Debug|Any CPU
		{38ADC319-2651-4E3B-B190-893911113408}.Debug|Any CPU.Build.0 = Debug|Any CPU
		{38ADC319-2651-4E3B-B190-893911113408}.Release|Any CPU.ActiveCfg = Release|Any CPU
		{38ADC319-2651-4E3B-B190-893911113408}.Release|Any CPU.Build.0 = Release|Any CPU
		{AA4AAB93-BBAC-4284-9C2C-501A33D64ABA}.Debug|Any CPU.ActiveCfg = Debug|Any CPU
		{AA4AAB93-BBAC-4284-9C2C-501A33D64ABA}.Debug|Any CPU.Build.0 = Debug|Any CPU
		{AA4AAB93-BBAC-4284-9C2C-501A33D64ABA}.Release|Any CPU.ActiveCfg = Release|Any CPU
		{AA4AAB93-BBAC-4284-9C2C-501A33D64ABA}.Release|Any CPU.Build.0 = Release|Any CPU
	EndGlobalSection
	GlobalSection(SolutionProperties) = preSolution
		HideSolutionNode = FALSE
	EndGlobalSection
	GlobalSection(ExtensibilityGlobals) = postSolution
		SolutionGuid = {838F70B3-1CB7-4753-B028-348AE6EE496F}
	EndGlobalSection
EndGlobal
